
Microsoft Visual Studio Solution File, Format Version 12.00
# Visual Studio Version 17
VisualStudioVersion = 17.3.32825.248
MinimumVisualStudioVersion = 10.0.40219.1
Project("{FAE04EC0-301F-11D3-BF4B-00C04F79EFBC}") = "StartService.Main", "StartService.Main\StartService.Main.csproj", "{0DF90C6F-8FEB-4F67-B573-27C07347D2F9}"
EndProject
Project("{9A19103F-16F7-4668-BE54-9A1E7A4F7556}") = "DataContracts", "..\DataContracts\DataContracts.csproj", "{5C1AA4B1-40AB-4094-ABF3-DE5E26ACDD47}"
EndProject
Global
	GlobalSection(SolutionConfigurationPlatforms) = preSolution
		Debug|Any CPU = Debug|Any CPU
		Release|Any CPU = Release|Any CPU
	EndGlobalSection
	GlobalSection(ProjectConfigurationPlatforms) = postSolution
		{0DF90C6F-8FEB-4F67-B573-27C07347D2F9}.Debug|Any CPU.ActiveCfg = Debug|Any CPU
		{0DF90C6F-8FEB-4F67-B573-27C07347D2F9}.Debug|Any CPU.Build.0 = Debug|Any CPU
		{0DF90C6F-8FEB-4F67-B573-27C07347D2F9}.Release|Any CPU.ActiveCfg = Release|Any CPU
		{0DF90C6F-8FEB-4F67-B573-27C07347D2F9}.Release|Any CPU.Build.0 = Release|Any CPU
		{5C1AA4B1-40AB-4094-ABF3-DE5E26ACDD47}.Debug|Any CPU.ActiveCfg = Debug|Any CPU
		{5C1AA4B1-40AB-4094-ABF3-DE5E26ACDD47}.Debug|Any CPU.Build.0 = Debug|Any CPU
		{5C1AA4B1-40AB-4094-ABF3-DE5E26ACDD47}.Release|Any CPU.ActiveCfg = Release|Any CPU
		{5C1AA4B1-40AB-4094-ABF3-DE5E26ACDD47}.Release|Any CPU.Build.0 = Release|Any CPU
	EndGlobalSection
	GlobalSection(SolutionProperties) = preSolution
		HideSolutionNode = FALSE
	EndGlobalSection
	GlobalSection(ExtensibilityGlobals) = postSolution
		SolutionGuid = {F5A35EC3-EAF3-4589-9F90-E00706ECDAE4}
	EndGlobalSection
EndGlobal
